
Microsoft Visual Studio Solution File, Format Version 12.00
# Visual Studio Version 17
VisualStudioVersion = 17.9.34616.47
MinimumVisualStudioVersion = 10.0.40219.1
Project("{FAE04EC0-301F-11D3-BF4B-00C04F79EFBC}") = "ImageAnalysis", "ImageAnalysis\ImageAnalysis.csproj", "{37528572-4F29-49FE-A7E3-4073CC77CE6B}"
EndProject
Global
	GlobalSection(SolutionConfigurationPlatforms) = preSolution
		Debug|Any CPU = Debug|Any CPU
		Release|Any CPU = Release|Any CPU
	EndGlobalSection
	GlobalSection(ProjectConfigurationPlatforms) = postSolution
		{37528572-4F29-49FE-A7E3-4073CC77CE6B}.Debug|Any CPU.ActiveCfg = Debug|Any CPU
		{37528572-4F29-49FE-A7E3-4073CC77CE6B}.Debug|Any CPU.Build.0 = Debug|Any CPU
		{37528572-4F29-49FE-A7E3-4073CC77CE6B}.Release|Any CPU.ActiveCfg = Release|Any CPU
		{37528572-4F29-49FE-A7E3-4073CC77CE6B}.Release|Any CPU.Build.0 = Release|Any CPU
	EndGlobalSection
	GlobalSection(SolutionProperties) = preSolution
		HideSolutionNode = FALSE
	EndGlobalSection
	GlobalSection(ExtensibilityGlobals) = postSolution
		SolutionGuid = {BDD22785-604C-4A09-9B0D-32CB41F2787A}
	EndGlobalSection
EndGlobal
